// !$*UTF8*$!
{
	archiveVersion = 1;
	classes = {
	};
	objectVersion = 50;
	objects = {

/* Begin PBXBuildFile section */
		CD1E2EE0239D73250032DA54 /* AnimeViewModel.swift in Sources */ = {isa = PBXBuildFile; fileRef = CD1E2EDF239D73250032DA54 /* AnimeViewModel.swift */; };
		CD1E2EE3239D7D350032DA54 /* JikanService.swift in Sources */ = {isa = PBXBuildFile; fileRef = CD1E2EE2239D7D350032DA54 /* JikanService.swift */; };
		CD5774B3238B7F1700FC7F1F /* AnimeListViewModel.swift in Sources */ = {isa = PBXBuildFile; fileRef = CD5774B2238B7F1700FC7F1F /* AnimeListViewModel.swift */; };
		CD692D34239DA5E4002D49CF /* NetworkingHelper.swift in Sources */ = {isa = PBXBuildFile; fileRef = CD692D33239DA5E4002D49CF /* NetworkingHelper.swift */; };
		CDE33439239F3C6F00C06B2B /* Response.swift in Sources */ = {isa = PBXBuildFile; fileRef = CDE33438239F3C6F00C06B2B /* Response.swift */; };
		CDE3343D239F4D0600C06B2B /* ImageView.swift in Sources */ = {isa = PBXBuildFile; fileRef = CDE3343C239F4D0600C06B2B /* ImageView.swift */; };
		CDE3343F239F4D3900C06B2B /* ImageLoader.swift in Sources */ = {isa = PBXBuildFile; fileRef = CDE3343E239F4D3900C06B2B /* ImageLoader.swift */; };
		CDE4677823889C5A004ABA50 /* searchData.json in Resources */ = {isa = PBXBuildFile; fileRef = CDE4677723889C5A004ABA50 /* searchData.json */; };
		CDE4677A23889CF4004ABA50 /* AnimeRowView.swift in Sources */ = {isa = PBXBuildFile; fileRef = CDE4677923889CF4004ABA50 /* AnimeRowView.swift */; };
		CDE4677C23889F55004ABA50 /* Anime.swift in Sources */ = {isa = PBXBuildFile; fileRef = CDE4677B23889F55004ABA50 /* Anime.swift */; };
		CDE4677F238B09AA004ABA50 /* DataHelper.swift in Sources */ = {isa = PBXBuildFile; fileRef = CDE4677E238B09AA004ABA50 /* DataHelper.swift */; };
		CDE46781238B125D004ABA50 /* Landmark.swift in Sources */ = {isa = PBXBuildFile; fileRef = CDE46780238B125D004ABA50 /* Landmark.swift */; };
		CDE46783238B12AC004ABA50 /* landmarkData.json in Resources */ = {isa = PBXBuildFile; fileRef = CDE46782238B12AC004ABA50 /* landmarkData.json */; };
		CDF902E82387594B003AE214 /* AppDelegate.swift in Sources */ = {isa = PBXBuildFile; fileRef = CDF902E72387594B003AE214 /* AppDelegate.swift */; };
		CDF902EA2387594B003AE214 /* SceneDelegate.swift in Sources */ = {isa = PBXBuildFile; fileRef = CDF902E92387594B003AE214 /* SceneDelegate.swift */; };
		CDF902EC2387594B003AE214 /* ContentView.swift in Sources */ = {isa = PBXBuildFile; fileRef = CDF902EB2387594B003AE214 /* ContentView.swift */; };
		CDF902EE23875950003AE214 /* Assets.xcassets in Resources */ = {isa = PBXBuildFile; fileRef = CDF902ED23875950003AE214 /* Assets.xcassets */; };
		CDF902F123875950003AE214 /* Preview Assets.xcassets in Resources */ = {isa = PBXBuildFile; fileRef = CDF902F023875950003AE214 /* Preview Assets.xcassets */; };
		CDF902F423875950003AE214 /* LaunchScreen.storyboard in Resources */ = {isa = PBXBuildFile; fileRef = CDF902F223875950003AE214 /* LaunchScreen.storyboard */; };
		CDF902FF23875950003AE214 /* AnilistTests.swift in Sources */ = {isa = PBXBuildFile; fileRef = CDF902FE23875950003AE214 /* AnilistTests.swift */; };
		CDF9030A23875950003AE214 /* AnilistUITests.swift in Sources */ = {isa = PBXBuildFile; fileRef = CDF9030923875950003AE214 /* AnilistUITests.swift */; };
		CDF9031B23876B71003AE214 /* HomeTabView.swift in Sources */ = {isa = PBXBuildFile; fileRef = CDF9031A23876B71003AE214 /* HomeTabView.swift */; };
		CDF9031D23876BF5003AE214 /* SearchTabView.swift in Sources */ = {isa = PBXBuildFile; fileRef = CDF9031C23876BF5003AE214 /* SearchTabView.swift */; };
/* End PBXBuildFile section */

/* Begin PBXContainerItemProxy section */
		CDF902FB23875950003AE214 /* PBXContainerItemProxy */ = {
			isa = PBXContainerItemProxy;
			containerPortal = CDF902DC2387594B003AE214 /* Project object */;
			proxyType = 1;
			remoteGlobalIDString = CDF902E32387594B003AE214;
			remoteInfo = Anilist;
		};
		CDF9030623875950003AE214 /* PBXContainerItemProxy */ = {
			isa = PBXContainerItemProxy;
			containerPortal = CDF902DC2387594B003AE214 /* Project object */;
			proxyType = 1;
			remoteGlobalIDString = CDF902E32387594B003AE214;
			remoteInfo = Anilist;
		};
/* End PBXContainerItemProxy section */

/* Begin PBXFileReference section */
		CD1E2EDF239D73250032DA54 /* AnimeViewModel.swift */ = {isa = PBXFileReference; lastKnownFileType = sourcecode.swift; path = AnimeViewModel.swift; sourceTree = "<group>"; };
		CD1E2EE2239D7D350032DA54 /* JikanService.swift */ = {isa = PBXFileReference; lastKnownFileType = sourcecode.swift; path = JikanService.swift; sourceTree = "<group>"; };
		CD5774B2238B7F1700FC7F1F /* AnimeListViewModel.swift */ = {isa = PBXFileReference; lastKnownFileType = sourcecode.swift; path = AnimeListViewModel.swift; sourceTree = "<group>"; };
		CD692D33239DA5E4002D49CF /* NetworkingHelper.swift */ = {isa = PBXFileReference; lastKnownFileType = sourcecode.swift; path = NetworkingHelper.swift; sourceTree = "<group>"; };
		CDE33438239F3C6F00C06B2B /* Response.swift */ = {isa = PBXFileReference; lastKnownFileType = sourcecode.swift; path = Response.swift; sourceTree = "<group>"; };
		CDE3343C239F4D0600C06B2B /* ImageView.swift */ = {isa = PBXFileReference; lastKnownFileType = sourcecode.swift; path = ImageView.swift; sourceTree = "<group>"; };
		CDE3343E239F4D3900C06B2B /* ImageLoader.swift */ = {isa = PBXFileReference; lastKnownFileType = sourcecode.swift; path = ImageLoader.swift; sourceTree = "<group>"; };
		CDE4677723889C5A004ABA50 /* searchData.json */ = {isa = PBXFileReference; lastKnownFileType = text.json; path = searchData.json; sourceTree = "<group>"; };
		CDE4677923889CF4004ABA50 /* AnimeRowView.swift */ = {isa = PBXFileReference; lastKnownFileType = sourcecode.swift; path = AnimeRowView.swift; sourceTree = "<group>"; };
		CDE4677B23889F55004ABA50 /* Anime.swift */ = {isa = PBXFileReference; lastKnownFileType = sourcecode.swift; path = Anime.swift; sourceTree = "<group>"; };
		CDE4677E238B09AA004ABA50 /* DataHelper.swift */ = {isa = PBXFileReference; lastKnownFileType = sourcecode.swift; path = DataHelper.swift; sourceTree = "<group>"; };
		CDE46780238B125D004ABA50 /* Landmark.swift */ = {isa = PBXFileReference; lastKnownFileType = sourcecode.swift; path = Landmark.swift; sourceTree = "<group>"; };
		CDE46782238B12AC004ABA50 /* landmarkData.json */ = {isa = PBXFileReference; lastKnownFileType = text.json; path = landmarkData.json; sourceTree = "<group>"; };
		CDF902E42387594B003AE214 /* Anilist.app */ = {isa = PBXFileReference; explicitFileType = wrapper.application; includeInIndex = 0; path = Anilist.app; sourceTree = BUILT_PRODUCTS_DIR; };
		CDF902E72387594B003AE214 /* AppDelegate.swift */ = {isa = PBXFileReference; lastKnownFileType = sourcecode.swift; path = AppDelegate.swift; sourceTree = "<group>"; };
		CDF902E92387594B003AE214 /* SceneDelegate.swift */ = {isa = PBXFileReference; lastKnownFileType = sourcecode.swift; path = SceneDelegate.swift; sourceTree = "<group>"; };
		CDF902EB2387594B003AE214 /* ContentView.swift */ = {isa = PBXFileReference; lastKnownFileType = sourcecode.swift; path = ContentView.swift; sourceTree = "<group>"; };
		CDF902ED23875950003AE214 /* Assets.xcassets */ = {isa = PBXFileReference; lastKnownFileType = folder.assetcatalog; path = Assets.xcassets; sourceTree = "<group>"; };
		CDF902F023875950003AE214 /* Preview Assets.xcassets */ = {isa = PBXFileReference; lastKnownFileType = folder.assetcatalog; path = "Preview Assets.xcassets"; sourceTree = "<group>"; };
		CDF902F323875950003AE214 /* Base */ = {isa = PBXFileReference; lastKnownFileType = file.storyboard; name = Base; path = Base.lproj/LaunchScreen.storyboard; sourceTree = "<group>"; };
		CDF902F523875950003AE214 /* Info.plist */ = {isa = PBXFileReference; lastKnownFileType = text.plist.xml; path = Info.plist; sourceTree = "<group>"; };
		CDF902FA23875950003AE214 /* AnilistTests.xctest */ = {isa = PBXFileReference; explicitFileType = wrapper.cfbundle; includeInIndex = 0; path = AnilistTests.xctest; sourceTree = BUILT_PRODUCTS_DIR; };
		CDF902FE23875950003AE214 /* AnilistTests.swift */ = {isa = PBXFileReference; lastKnownFileType = sourcecode.swift; path = AnilistTests.swift; sourceTree = "<group>"; };
		CDF9030023875950003AE214 /* Info.plist */ = {isa = PBXFileReference; lastKnownFileType = text.plist.xml; path = Info.plist; sourceTree = "<group>"; };
		CDF9030523875950003AE214 /* AnilistUITests.xctest */ = {isa = PBXFileReference; explicitFileType = wrapper.cfbundle; includeInIndex = 0; path = AnilistUITests.xctest; sourceTree = BUILT_PRODUCTS_DIR; };
		CDF9030923875950003AE214 /* AnilistUITests.swift */ = {isa = PBXFileReference; lastKnownFileType = sourcecode.swift; path = AnilistUITests.swift; sourceTree = "<group>"; };
		CDF9030B23875950003AE214 /* Info.plist */ = {isa = PBXFileReference; lastKnownFileType = text.plist.xml; path = Info.plist; sourceTree = "<group>"; };
		CDF9031A23876B71003AE214 /* HomeTabView.swift */ = {isa = PBXFileReference; lastKnownFileType = sourcecode.swift; path = HomeTabView.swift; sourceTree = "<group>"; };
		CDF9031C23876BF5003AE214 /* SearchTabView.swift */ = {isa = PBXFileReference; lastKnownFileType = sourcecode.swift; path = SearchTabView.swift; sourceTree = "<group>"; };
/* End PBXFileReference section */

/* Begin PBXFrameworksBuildPhase section */
		CDF902E12387594B003AE214 /* Frameworks */ = {
			isa = PBXFrameworksBuildPhase;
			buildActionMask = 2147483647;
			files = (
			);
			runOnlyForDeploymentPostprocessing = 0;
		};
		CDF902F723875950003AE214 /* Frameworks */ = {
			isa = PBXFrameworksBuildPhase;
			buildActionMask = 2147483647;
			files = (
			);
			runOnlyForDeploymentPostprocessing = 0;
		};
		CDF9030223875950003AE214 /* Frameworks */ = {
			isa = PBXFrameworksBuildPhase;
			buildActionMask = 2147483647;
			files = (
			);
			runOnlyForDeploymentPostprocessing = 0;
		};
/* End PBXFrameworksBuildPhase section */

/* Begin PBXGroup section */
		CD1E2EE1239D7D150032DA54 /* Api */ = {
			isa = PBXGroup;
			children = (
				CD1E2EE2239D7D350032DA54 /* JikanService.swift */,
			);
			path = Api;
			sourceTree = "<group>";
		};
		CDE4677623889C12004ABA50 /* Resources */ = {
			isa = PBXGroup;
			children = (
				CDE4677723889C5A004ABA50 /* searchData.json */,
				CDE46782238B12AC004ABA50 /* landmarkData.json */,
			);
			path = Resources;
			sourceTree = "<group>";
		};
		CDE4677D238B0996004ABA50 /* Helper */ = {
			isa = PBXGroup;
			children = (
				CDE4677E238B09AA004ABA50 /* DataHelper.swift */,
				CD692D33239DA5E4002D49CF /* NetworkingHelper.swift */,
				CDE3343E239F4D3900C06B2B /* ImageLoader.swift */,
			);
			path = Helper;
			sourceTree = "<group>";
		};
		CDF902DB2387594B003AE214 = {
			isa = PBXGroup;
			children = (
				CDF902E62387594B003AE214 /* Anilist */,
				CDF902FD23875950003AE214 /* AnilistTests */,
				CDF9030823875950003AE214 /* AnilistUITests */,
				CDF902E52387594B003AE214 /* Products */,
			);
			sourceTree = "<group>";
		};
		CDF902E52387594B003AE214 /* Products */ = {
			isa = PBXGroup;
			children = (
				CDF902E42387594B003AE214 /* Anilist.app */,
				CDF902FA23875950003AE214 /* AnilistTests.xctest */,
				CDF9030523875950003AE214 /* AnilistUITests.xctest */,
			);
			name = Products;
			sourceTree = "<group>";
		};
		CDF902E62387594B003AE214 /* Anilist */ = {
			isa = PBXGroup;
			children = (
				CD1E2EE1239D7D150032DA54 /* Api */,
				CDE4677D238B0996004ABA50 /* Helper */,
				CDE4677623889C12004ABA50 /* Resources */,
				CDF9031923876B32003AE214 /* ViewModel */,
				CDF9031823876B1E003AE214 /* Model */,
				CDF9031723876B0E003AE214 /* View */,
				CDF902E72387594B003AE214 /* AppDelegate.swift */,
				CDF902E92387594B003AE214 /* SceneDelegate.swift */,
				CDF902ED23875950003AE214 /* Assets.xcassets */,
				CDF902F223875950003AE214 /* LaunchScreen.storyboard */,
				CDF902F523875950003AE214 /* Info.plist */,
				CDF902EF23875950003AE214 /* Preview Content */,
			);
			path = Anilist;
			sourceTree = "<group>";
		};
		CDF902EF23875950003AE214 /* Preview Content */ = {
			isa = PBXGroup;
			children = (
				CDF902F023875950003AE214 /* Preview Assets.xcassets */,
			);
			path = "Preview Content";
			sourceTree = "<group>";
		};
		CDF902FD23875950003AE214 /* AnilistTests */ = {
			isa = PBXGroup;
			children = (
				CDF902FE23875950003AE214 /* AnilistTests.swift */,
				CDF9030023875950003AE214 /* Info.plist */,
			);
			path = AnilistTests;
			sourceTree = "<group>";
		};
		CDF9030823875950003AE214 /* AnilistUITests */ = {
			isa = PBXGroup;
			children = (
				CDF9030923875950003AE214 /* AnilistUITests.swift */,
				CDF9030B23875950003AE214 /* Info.plist */,
			);
			path = AnilistUITests;
			sourceTree = "<group>";
		};
		CDF9031723876B0E003AE214 /* View */ = {
			isa = PBXGroup;
			children = (
				CDF902EB2387594B003AE214 /* ContentView.swift */,
				CDF9031A23876B71003AE214 /* HomeTabView.swift */,
				CDF9031C23876BF5003AE214 /* SearchTabView.swift */,
				CDE4677923889CF4004ABA50 /* AnimeRowView.swift */,
				CDE3343C239F4D0600C06B2B /* ImageView.swift */,
			);
			path = View;
			sourceTree = "<group>";
		};
		CDF9031823876B1E003AE214 /* Model */ = {
			isa = PBXGroup;
			children = (
				CDE4677B23889F55004ABA50 /* Anime.swift */,
				CDE46780238B125D004ABA50 /* Landmark.swift */,
				CDE33438239F3C6F00C06B2B /* Response.swift */,
			);
			path = Model;
			sourceTree = "<group>";
		};
		CDF9031923876B32003AE214 /* ViewModel */ = {
			isa = PBXGroup;
			children = (
				CD5774B2238B7F1700FC7F1F /* AnimeListViewModel.swift */,
				CD1E2EDF239D73250032DA54 /* AnimeViewModel.swift */,
			);
			path = ViewModel;
			sourceTree = "<group>";
		};
/* End PBXGroup section */

/* Begin PBXNativeTarget section */
		CDF902E32387594B003AE214 /* Anilist */ = {
			isa = PBXNativeTarget;
			buildConfigurationList = CDF9030E23875950003AE214 /* Build configuration list for PBXNativeTarget "Anilist" */;
			buildPhases = (
				CDF902E02387594B003AE214 /* Sources */,
				CDF902E12387594B003AE214 /* Frameworks */,
				CDF902E22387594B003AE214 /* Resources */,
			);
			buildRules = (
			);
			dependencies = (
			);
			name = Anilist;
			productName = Anilist;
			productReference = CDF902E42387594B003AE214 /* Anilist.app */;
			productType = "com.apple.product-type.application";
		};
		CDF902F923875950003AE214 /* AnilistTests */ = {
			isa = PBXNativeTarget;
			buildConfigurationList = CDF9031123875950003AE214 /* Build configuration list for PBXNativeTarget "AnilistTests" */;
			buildPhases = (
				CDF902F623875950003AE214 /* Sources */,
				CDF902F723875950003AE214 /* Frameworks */,
				CDF902F823875950003AE214 /* Resources */,
			);
			buildRules = (
			);
			dependencies = (
				CDF902FC23875950003AE214 /* PBXTargetDependency */,
			);
			name = AnilistTests;
			productName = AnilistTests;
			productReference = CDF902FA23875950003AE214 /* AnilistTests.xctest */;
			productType = "com.apple.product-type.bundle.unit-test";
		};
		CDF9030423875950003AE214 /* AnilistUITests */ = {
			isa = PBXNativeTarget;
			buildConfigurationList = CDF9031423875950003AE214 /* Build configuration list for PBXNativeTarget "AnilistUITests" */;
			buildPhases = (
				CDF9030123875950003AE214 /* Sources */,
				CDF9030223875950003AE214 /* Frameworks */,
				CDF9030323875950003AE214 /* Resources */,
			);
			buildRules = (
			);
			dependencies = (
				CDF9030723875950003AE214 /* PBXTargetDependency */,
			);
			name = AnilistUITests;
			productName = AnilistUITests;
			productReference = CDF9030523875950003AE214 /* AnilistUITests.xctest */;
			productType = "com.apple.product-type.bundle.ui-testing";
		};
/* End PBXNativeTarget section */

/* Begin PBXProject section */
		CDF902DC2387594B003AE214 /* Project object */ = {
			isa = PBXProject;
			attributes = {
				LastSwiftUpdateCheck = 1120;
				LastUpgradeCheck = 1120;
				ORGANIZATIONNAME = "Gonzalo Cham";
				TargetAttributes = {
					CDF902E32387594B003AE214 = {
						CreatedOnToolsVersion = 11.2.1;
					};
					CDF902F923875950003AE214 = {
						CreatedOnToolsVersion = 11.2.1;
						TestTargetID = CDF902E32387594B003AE214;
					};
					CDF9030423875950003AE214 = {
						CreatedOnToolsVersion = 11.2.1;
						TestTargetID = CDF902E32387594B003AE214;
					};
				};
			};
			buildConfigurationList = CDF902DF2387594B003AE214 /* Build configuration list for PBXProject "Anilist" */;
			compatibilityVersion = "Xcode 9.3";
			developmentRegion = en;
			hasScannedForEncodings = 0;
			knownRegions = (
				en,
				Base,
			);
			mainGroup = CDF902DB2387594B003AE214;
			productRefGroup = CDF902E52387594B003AE214 /* Products */;
			projectDirPath = "";
			projectRoot = "";
			targets = (
				CDF902E32387594B003AE214 /* Anilist */,
				CDF902F923875950003AE214 /* AnilistTests */,
				CDF9030423875950003AE214 /* AnilistUITests */,
			);
		};
/* End PBXProject section */

/* Begin PBXResourcesBuildPhase section */
		CDF902E22387594B003AE214 /* Resources */ = {
			isa = PBXResourcesBuildPhase;
			buildActionMask = 2147483647;
			files = (
				CDF902F423875950003AE214 /* LaunchScreen.storyboard in Resources */,
				CDE4677823889C5A004ABA50 /* searchData.json in Resources */,
				CDF902F123875950003AE214 /* Preview Assets.xcassets in Resources */,
				CDE46783238B12AC004ABA50 /* landmarkData.json in Resources */,
				CDF902EE23875950003AE214 /* Assets.xcassets in Resources */,
			);
			runOnlyForDeploymentPostprocessing = 0;
		};
		CDF902F823875950003AE214 /* Resources */ = {
			isa = PBXResourcesBuildPhase;
			buildActionMask = 2147483647;
			files = (
			);
			runOnlyForDeploymentPostprocessing = 0;
		};
		CDF9030323875950003AE214 /* Resources */ = {
			isa = PBXResourcesBuildPhase;
			buildActionMask = 2147483647;
			files = (
			);
			runOnlyForDeploymentPostprocessing = 0;
		};
/* End PBXResourcesBuildPhase section */

/* Begin PBXSourcesBuildPhase section */
		CDF902E02387594B003AE214 /* Sources */ = {
			isa = PBXSourcesBuildPhase;
			buildActionMask = 2147483647;
			files = (
				CDF902E82387594B003AE214 /* AppDelegate.swift in Sources */,
				CD692D34239DA5E4002D49CF /* NetworkingHelper.swift in Sources */,
				CDF9031D23876BF5003AE214 /* SearchTabView.swift in Sources */,
				CDF902EA2387594B003AE214 /* SceneDelegate.swift in Sources */,
				CDE4677C23889F55004ABA50 /* Anime.swift in Sources */,
				CDF902EC2387594B003AE214 /* ContentView.swift in Sources */,
				CDE3343F239F4D3900C06B2B /* ImageLoader.swift in Sources */,
				CDE33439239F3C6F00C06B2B /* Response.swift in Sources */,
				CDE46781238B125D004ABA50 /* Landmark.swift in Sources */,
				CDE3343D239F4D0600C06B2B /* ImageView.swift in Sources */,
				CDE4677A23889CF4004ABA50 /* AnimeRowView.swift in Sources */,
				CD1E2EE3239D7D350032DA54 /* JikanService.swift in Sources */,
				CDF9031B23876B71003AE214 /* HomeTabView.swift in Sources */,
				CDE4677F238B09AA004ABA50 /* DataHelper.swift in Sources */,
				CD5774B3238B7F1700FC7F1F /* AnimeListViewModel.swift in Sources */,
				CD1E2EE0239D73250032DA54 /* AnimeViewModel.swift in Sources */,
			);
			runOnlyForDeploymentPostprocessing = 0;
		};
		CDF902F623875950003AE214 /* Sources */ = {
			isa = PBXSourcesBuildPhase;
			buildActionMask = 2147483647;
			files = (
				CDF902FF23875950003AE214 /* AnilistTests.swift in Sources */,
			);
			runOnlyForDeploymentPostprocessing = 0;
		};
		CDF9030123875950003AE214 /* Sources */ = {
			isa = PBXSourcesBuildPhase;
			buildActionMask = 2147483647;
			files = (
				CDF9030A23875950003AE214 /* AnilistUITests.swift in Sources */,
			);
			runOnlyForDeploymentPostprocessing = 0;
		};
/* End PBXSourcesBuildPhase section */

/* Begin PBXTargetDependency section */
		CDF902FC23875950003AE214 /* PBXTargetDependency */ = {
			isa = PBXTargetDependency;
			target = CDF902E32387594B003AE214 /* Anilist */;
			targetProxy = CDF902FB23875950003AE214 /* PBXContainerItemProxy */;
		};
		CDF9030723875950003AE214 /* PBXTargetDependency */ = {
			isa = PBXTargetDependency;
			target = CDF902E32387594B003AE214 /* Anilist */;
			targetProxy = CDF9030623875950003AE214 /* PBXContainerItemProxy */;
		};
/* End PBXTargetDependency section */

/* Begin PBXVariantGroup section */
		CDF902F223875950003AE214 /* LaunchScreen.storyboard */ = {
			isa = PBXVariantGroup;
			children = (
				CDF902F323875950003AE214 /* Base */,
			);
			name = LaunchScreen.storyboard;
			sourceTree = "<group>";
		};
/* End PBXVariantGroup section */

/* Begin XCBuildConfiguration section */
		CDF9030C23875950003AE214 /* Debug */ = {
			isa = XCBuildConfiguration;
			buildSettings = {
				ALWAYS_SEARCH_USER_PATHS = NO;
				CLANG_ANALYZER_NONNULL = YES;
				CLANG_ANALYZER_NUMBER_OBJECT_CONVERSION = YES_AGGRESSIVE;
				CLANG_CXX_LANGUAGE_STANDARD = "gnu++14";
				CLANG_CXX_LIBRARY = "libc++";
				CLANG_ENABLE_MODULES = YES;
				CLANG_ENABLE_OBJC_ARC = YES;
				CLANG_ENABLE_OBJC_WEAK = YES;
				CLANG_WARN_BLOCK_CAPTURE_AUTORELEASING = YES;
				CLANG_WARN_BOOL_CONVERSION = YES;
				CLANG_WARN_COMMA = YES;
				CLANG_WARN_CONSTANT_CONVERSION = YES;
				CLANG_WARN_DEPRECATED_OBJC_IMPLEMENTATIONS = YES;
				CLANG_WARN_DIRECT_OBJC_ISA_USAGE = YES_ERROR;
				CLANG_WARN_DOCUMENTATION_COMMENTS = YES;
				CLANG_WARN_EMPTY_BODY = YES;
				CLANG_WARN_ENUM_CONVERSION = YES;
				CLANG_WARN_INFINITE_RECURSION = YES;
				CLANG_WARN_INT_CONVERSION = YES;
				CLANG_WARN_NON_LITERAL_NULL_CONVERSION = YES;
				CLANG_WARN_OBJC_IMPLICIT_RETAIN_SELF = YES;
				CLANG_WARN_OBJC_LITERAL_CONVERSION = YES;
				CLANG_WARN_OBJC_ROOT_CLASS = YES_ERROR;
				CLANG_WARN_RANGE_LOOP_ANALYSIS = YES;
				CLANG_WARN_STRICT_PROTOTYPES = YES;
				CLANG_WARN_SUSPICIOUS_MOVE = YES;
				CLANG_WARN_UNGUARDED_AVAILABILITY = YES_AGGRESSIVE;
				CLANG_WARN_UNREACHABLE_CODE = YES;
				CLANG_WARN__DUPLICATE_METHOD_MATCH = YES;
				COPY_PHASE_STRIP = NO;
				DEBUG_INFORMATION_FORMAT = dwarf;
				ENABLE_STRICT_OBJC_MSGSEND = YES;
				ENABLE_TESTABILITY = YES;
				GCC_C_LANGUAGE_STANDARD = gnu11;
				GCC_DYNAMIC_NO_PIC = NO;
				GCC_NO_COMMON_BLOCKS = YES;
				GCC_OPTIMIZATION_LEVEL = 0;
				GCC_PREPROCESSOR_DEFINITIONS = (
					"DEBUG=1",
					"$(inherited)",
				);
				GCC_WARN_64_TO_32_BIT_CONVERSION = YES;
				GCC_WARN_ABOUT_RETURN_TYPE = YES_ERROR;
				GCC_WARN_UNDECLARED_SELECTOR = YES;
				GCC_WARN_UNINITIALIZED_AUTOS = YES_AGGRESSIVE;
				GCC_WARN_UNUSED_FUNCTION = YES;
				GCC_WARN_UNUSED_VARIABLE = YES;
				IPHONEOS_DEPLOYMENT_TARGET = 13.2;
				MTL_ENABLE_DEBUG_INFO = INCLUDE_SOURCE;
				MTL_FAST_MATH = YES;
				ONLY_ACTIVE_ARCH = YES;
				SDKROOT = iphoneos;
				SWIFT_ACTIVE_COMPILATION_CONDITIONS = DEBUG;
				SWIFT_OPTIMIZATION_LEVEL = "-Onone";
			};
			name = Debug;
		};
		CDF9030D23875950003AE214 /* Release */ = {
			isa = XCBuildConfiguration;
			buildSettings = {
				ALWAYS_SEARCH_USER_PATHS = NO;
				CLANG_ANALYZER_NONNULL = YES;
				CLANG_ANALYZER_NUMBER_OBJECT_CONVERSION = YES_AGGRESSIVE;
				CLANG_CXX_LANGUAGE_STANDARD = "gnu++14";
				CLANG_CXX_LIBRARY = "libc++";
				CLANG_ENABLE_MODULES = YES;
				CLANG_ENABLE_OBJC_ARC = YES;
				CLANG_ENABLE_OBJC_WEAK = YES;
				CLANG_WARN_BLOCK_CAPTURE_AUTORELEASING = YES;
				CLANG_WARN_BOOL_CONVERSION = YES;
				CLANG_WARN_COMMA = YES;
				CLANG_WARN_CONSTANT_CONVERSION = YES;
				CLANG_WARN_DEPRECATED_OBJC_IMPLEMENTATIONS = YES;
				CLANG_WARN_DIRECT_OBJC_ISA_USAGE = YES_ERROR;
				CLANG_WARN_DOCUMENTATION_COMMENTS = YES;
				CLANG_WARN_EMPTY_BODY = YES;
				CLANG_WARN_ENUM_CONVERSION = YES;
				CLANG_WARN_INFINITE_RECURSION = YES;
				CLANG_WARN_INT_CONVERSION = YES;
				CLANG_WARN_NON_LITERAL_NULL_CONVERSION = YES;
				CLANG_WARN_OBJC_IMPLICIT_RETAIN_SELF = YES;
				CLANG_WARN_OBJC_LITERAL_CONVERSION = YES;
				CLANG_WARN_OBJC_ROOT_CLASS = YES_ERROR;
				CLANG_WARN_RANGE_LOOP_ANALYSIS = YES;
				CLANG_WARN_STRICT_PROTOTYPES = YES;
				CLANG_WARN_SUSPICIOUS_MOVE = YES;
				CLANG_WARN_UNGUARDED_AVAILABILITY = YES_AGGRESSIVE;
				CLANG_WARN_UNREACHABLE_CODE = YES;
				CLANG_WARN__DUPLICATE_METHOD_MATCH = YES;
				COPY_PHASE_STRIP = NO;
				DEBUG_INFORMATION_FORMAT = "dwarf-with-dsym";
				ENABLE_NS_ASSERTIONS = NO;
				ENABLE_STRICT_OBJC_MSGSEND = YES;
				GCC_C_LANGUAGE_STANDARD = gnu11;
				GCC_NO_COMMON_BLOCKS = YES;
				GCC_WARN_64_TO_32_BIT_CONVERSION = YES;
				GCC_WARN_ABOUT_RETURN_TYPE = YES_ERROR;
				GCC_WARN_UNDECLARED_SELECTOR = YES;
				GCC_WARN_UNINITIALIZED_AUTOS = YES_AGGRESSIVE;
				GCC_WARN_UNUSED_FUNCTION = YES;
				GCC_WARN_UNUSED_VARIABLE = YES;
				IPHONEOS_DEPLOYMENT_TARGET = 13.2;
				MTL_ENABLE_DEBUG_INFO = NO;
				MTL_FAST_MATH = YES;
				SDKROOT = iphoneos;
				SWIFT_COMPILATION_MODE = wholemodule;
				SWIFT_OPTIMIZATION_LEVEL = "-O";
				VALIDATE_PRODUCT = YES;
			};
			name = Release;
		};
		CDF9030F23875950003AE214 /* Debug */ = {
			isa = XCBuildConfiguration;
			buildSettings = {
				ASSETCATALOG_COMPILER_APPICON_NAME = AppIcon;
				CODE_SIGN_STYLE = Automatic;
				DEVELOPMENT_ASSET_PATHS = "\"Anilist/Preview Content\"";
				DEVELOPMENT_TEAM = RU3F48FYNN;
				ENABLE_PREVIEWS = YES;
				INFOPLIST_FILE = Anilist/Info.plist;
				LD_RUNPATH_SEARCH_PATHS = (
					"$(inherited)",
					"@executable_path/Frameworks",
				);
				PRODUCT_BUNDLE_IDENTIFIER = com.redix.soft.anilist.Anilist;
				PRODUCT_NAME = "$(TARGET_NAME)";
				SWIFT_VERSION = 5.0;
				TARGETED_DEVICE_FAMILY = "1,2";
			};
			name = Debug;
		};
		CDF9031023875950003AE214 /* Release */ = {
			isa = XCBuildConfiguration;
			buildSettings = {
				ASSETCATALOG_COMPILER_APPICON_NAME = AppIcon;
				CODE_SIGN_STYLE = Automatic;
				DEVELOPMENT_ASSET_PATHS = "\"Anilist/Preview Content\"";
				DEVELOPMENT_TEAM = RU3F48FYNN;
				ENABLE_PREVIEWS = YES;
				INFOPLIST_FILE = Anilist/Info.plist;
				LD_RUNPATH_SEARCH_PATHS = (
					"$(inherited)",
					"@executable_path/Frameworks",
				);
				PRODUCT_BUNDLE_IDENTIFIER = com.redix.soft.anilist.Anilist;
				PRODUCT_NAME = "$(TARGET_NAME)";
				SWIFT_VERSION = 5.0;
				TARGETED_DEVICE_FAMILY = "1,2";
			};
			name = Release;
		};
		CDF9031223875950003AE214 /* Debug */ = {
			isa = XCBuildConfiguration;
			buildSettings = {
				ALWAYS_EMBED_SWIFT_STANDARD_LIBRARIES = YES;
				BUNDLE_LOADER = "$(TEST_HOST)";
				CODE_SIGN_STYLE = Automatic;
				INFOPLIST_FILE = AnilistTests/Info.plist;
				IPHONEOS_DEPLOYMENT_TARGET = 13.2;
				LD_RUNPATH_SEARCH_PATHS = (
					"$(inherited)",
					"@executable_path/Frameworks",
					"@loader_path/Frameworks",
				);
				PRODUCT_BUNDLE_IDENTIFIER = com.redix.soft.anilist.AnilistTests;
				PRODUCT_NAME = "$(TARGET_NAME)";
				SWIFT_VERSION = 5.0;
				TARGETED_DEVICE_FAMILY = "1,2";
				TEST_HOST = "$(BUILT_PRODUCTS_DIR)/Anilist.app/Anilist";
			};
			name = Debug;
		};
		CDF9031323875950003AE214 /* Release */ = {
			isa = XCBuildConfiguration;
			buildSettings = {
				ALWAYS_EMBED_SWIFT_STANDARD_LIBRARIES = YES;
				BUNDLE_LOADER = "$(TEST_HOST)";
				CODE_SIGN_STYLE = Automatic;
				INFOPLIST_FILE = AnilistTests/Info.plist;
				IPHONEOS_DEPLOYMENT_TARGET = 13.2;
				LD_RUNPATH_SEARCH_PATHS = (
					"$(inherited)",
					"@executable_path/Frameworks",
					"@loader_path/Frameworks",
				);
				PRODUCT_BUNDLE_IDENTIFIER = com.redix.soft.anilist.AnilistTests;
				PRODUCT_NAME = "$(TARGET_NAME)";
				SWIFT_VERSION = 5.0;
				TARGETED_DEVICE_FAMILY = "1,2";
				TEST_HOST = "$(BUILT_PRODUCTS_DIR)/Anilist.app/Anilist";
			};
			name = Release;
		};
		CDF9031523875950003AE214 /* Debug */ = {
			isa = XCBuildConfiguration;
			buildSettings = {
				ALWAYS_EMBED_SWIFT_STANDARD_LIBRARIES = YES;
				CODE_SIGN_STYLE = Automatic;
				INFOPLIST_FILE = AnilistUITests/Info.plist;
				LD_RUNPATH_SEARCH_PATHS = (
					"$(inherited)",
					"@executable_path/Frameworks",
					"@loader_path/Frameworks",
				);
				PRODUCT_BUNDLE_IDENTIFIER = com.redix.soft.anilist.AnilistUITests;
				PRODUCT_NAME = "$(TARGET_NAME)";
				SWIFT_VERSION = 5.0;
				TARGETED_DEVICE_FAMILY = "1,2";
				TEST_TARGET_NAME = Anilist;
			};
			name = Debug;
		};
		CDF9031623875950003AE214 /* Release */ = {
			isa = XCBuildConfiguration;
			buildSettings = {
				ALWAYS_EMBED_SWIFT_STANDARD_LIBRARIES = YES;
				CODE_SIGN_STYLE = Automatic;
				INFOPLIST_FILE = AnilistUITests/Info.plist;
				LD_RUNPATH_SEARCH_PATHS = (
					"$(inherited)",
					"@executable_path/Frameworks",
					"@loader_path/Frameworks",
				);
				PRODUCT_BUNDLE_IDENTIFIER = com.redix.soft.anilist.AnilistUITests;
				PRODUCT_NAME = "$(TARGET_NAME)";
				SWIFT_VERSION = 5.0;
				TARGETED_DEVICE_FAMILY = "1,2";
				TEST_TARGET_NAME = Anilist;
			};
			name = Release;
		};
/* End XCBuildConfiguration section */

/* Begin XCConfigurationList section */
		CDF902DF2387594B003AE214 /* Build configuration list for PBXProject "Anilist" */ = {
			isa = XCConfigurationList;
			buildConfigurations = (
				CDF9030C23875950003AE214 /* Debug */,
				CDF9030D23875950003AE214 /* Release */,
			);
			defaultConfigurationIsVisible = 0;
			defaultConfigurationName = Release;
		};
		CDF9030E23875950003AE214 /* Build configuration list for PBXNativeTarget "Anilist" */ = {
			isa = XCConfigurationList;
			buildConfigurations = (
				CDF9030F23875950003AE214 /* Debug */,
				CDF9031023875950003AE214 /* Release */,
			);
			defaultConfigurationIsVisible = 0;
			defaultConfigurationName = Release;
		};
		CDF9031123875950003AE214 /* Build configuration list for PBXNativeTarget "AnilistTests" */ = {
			isa = XCConfigurationList;
			buildConfigurations = (
				CDF9031223875950003AE214 /* Debug */,
				CDF9031323875950003AE214 /* Release */,
			);
			defaultConfigurationIsVisible = 0;
			defaultConfigurationName = Release;
		};
		CDF9031423875950003AE214 /* Build configuration list for PBXNativeTarget "AnilistUITests" */ = {
			isa = XCConfigurationList;
			buildConfigurations = (
				CDF9031523875950003AE214 /* Debug */,
				CDF9031623875950003AE214 /* Release */,
			);
			defaultConfigurationIsVisible = 0;
			defaultConfigurationName = Release;
		};
/* End XCConfigurationList section */
	};
	rootObject = CDF902DC2387594B003AE214 /* Project object */;
}
